
Microsoft Visual Studio Solution File, Format Version 12.00
# Visual Studio Version 16
VisualStudioVersion = 25.0.1706.8
MinimumVisualStudioVersion = 10.0.40219.1
Project("{FAE04EC0-301F-11D3-BF4B-00C04F79EFBC}") = "SharedKernel", "SharedKernel.csproj", "{74C52F53-247F-45C1-BFBC-3CD528C90815}"
EndProject
Global
	GlobalSection(SolutionConfigurationPlatforms) = preSolution
		Debug|Any CPU = Debug|Any CPU
		Release|Any CPU = Release|Any CPU
	EndGlobalSection
	GlobalSection(ProjectConfigurationPlatforms) = postSolution
		{74C52F53-247F-45C1-BFBC-3CD528C90815}.Debug|Any CPU.ActiveCfg = Debug|Any CPU
		{74C52F53-247F-45C1-BFBC-3CD528C90815}.Debug|Any CPU.Build.0 = Debug|Any CPU
		{74C52F53-247F-45C1-BFBC-3CD528C90815}.Release|Any CPU.ActiveCfg = Release|Any CPU
		{74C52F53-247F-45C1-BFBC-3CD528C90815}.Release|Any CPU.Build.0 = Release|Any CPU
	EndGlobalSection
	GlobalSection(SolutionProperties) = preSolution
		HideSolutionNode = FALSE
	EndGlobalSection
	GlobalSection(ExtensibilityGlobals) = postSolution
		SolutionGuid = {11D9905C-9EB3-4FF3-883D-31FFDE5E279B}
	EndGlobalSection
EndGlobal
